
Microsoft Visual Studio Solution File, Format Version 12.00
# Visual Studio 15
VisualStudioVersion = 15.0.26124.0
MinimumVisualStudioVersion = 15.0.26124.0
Project("{2150E333-8FDC-42A3-9474-1A3956D46DE8}") = "src", "src", "{1225CFF0-6662-4AC7-AC68-267C1D6D00C4}"
EndProject
Project("{FAE04EC0-301F-11D3-BF4B-00C04F79EFBC}") = "Realtime.Presenter.Function", "src\Realtime.Presenter.Function\Realtime.Presenter.Function.csproj", "{34EA23DD-7FD3-49B2-86E0-06D79ADCB3D3}"
EndProject
Project("{2150E333-8FDC-42A3-9474-1A3956D46DE8}") = "tests", "tests", "{8374D852-0BF2-4BB3-8546-ED444D8752B6}"
EndProject
Project("{FAE04EC0-301F-11D3-BF4B-00C04F79EFBC}") = "Realtime.Presenter.Function.Tests", "tests\Realtime.Presenter.Function.Tests\Realtime.Presenter.Function.Tests.csproj", "{1D342B67-2ED8-4A82-8CA3-DA01598BFA24}"
EndProject
Project("{2150E333-8FDC-42A3-9474-1A3956D46DE8}") = ".git", ".git", "{A1E853A7-7355-445D-92F0-758DC30F17E9}"
	ProjectSection(SolutionItems) = preProject
		.gitignore = .gitignore
	EndProjectSection
EndProject
Project("{FAE04EC0-301F-11D3-BF4B-00C04F79EFBC}") = "Realtime.Presenter.Mobile.Tests", "tests\Realtime.Presenter.Mobile.Tests\Realtime.Presenter.Mobile.Tests.csproj", "{0A3F1A36-C1E5-43D9-929B-0FFFDF814EF3}"
EndProject
Project("{FAE04EC0-301F-11D3-BF4B-00C04F79EFBC}") = "Realtime.Presenter.Test.Utilities", "tests\Realtime.Presenter.Test.Utilities\Realtime.Presenter.Test.Utilities.csproj", "{891CCED2-A73F-4B8E-907F-3DA7E1155446}"
EndProject
Project("{FAE04EC0-301F-11D3-BF4B-00C04F79EFBC}") = "Realtime.Presenter.Mobile.Android", "src\Realtime.Presenter.Mobile.Android\Realtime.Presenter.Mobile.Android.csproj", "{12F1B3DD-9B37-4D56-8E38-82532E5BEAD0}"
EndProject
Project("{FAE04EC0-301F-11D3-BF4B-00C04F79EFBC}") = "Realtime.Presenter.Mobile.iOS", "src\Realtime.Presenter.Mobile.iOS\Realtime.Presenter.Mobile.iOS.csproj", "{19CFA454-BFAB-4C0F-8750-EA2CC0395507}"
EndProject
Project("{FAE04EC0-301F-11D3-BF4B-00C04F79EFBC}") = "Realtime.Presenter.Mobile", "src\Realtime.Presenter.Mobile\Realtime.Presenter.Mobile.csproj", "{16668423-3D9F-4758-8C82-C370AF211FCB}"
EndProject
Project("{FAE04EC0-301F-11D3-BF4B-00C04F79EFBC}") = "Realtime.Presenter.Mobile.UITests", "tests\Realtime.Presenter.Mobile.UITests\Realtime.Presenter.Mobile.UITests.csproj", "{4C1793E6-1961-4EB3-B5EB-D846D6B7869C}"
EndProject
Project("{2150E333-8FDC-42A3-9474-1A3956D46DE8}") = ".github", ".github", "{A836393D-5F4F-43EA-B178-16FCE749F926}"
EndProject
Project("{2150E333-8FDC-42A3-9474-1A3956D46DE8}") = "workflows", "workflows", "{D5874316-EEFC-4DE8-8BB7-2FD997D8BA08}"
	ProjectSection(SolutionItems) = preProject
		.github\workflows\main.yaml = .github\workflows\main.yaml
	EndProjectSection
EndProject
Project("{2150E333-8FDC-42A3-9474-1A3956D46DE8}") = "scripts", "scripts", "{3BB96C03-800B-4E03-A276-74CAE26E452C}"
	ProjectSection(SolutionItems) = preProject
		scripts\install-packages.sh = scripts\install-packages.sh
		scripts\run-unit-tests.sh = scripts\run-unit-tests.sh
		scripts\deploy.sh = scripts\deploy.sh
	EndProjectSection
EndProject
Project("{FAE04EC0-301F-11D3-BF4B-00C04F79EFBC}") = "Realtime.Presenter.Web", "src\Realtime.Presenter.Web\Realtime.Presenter.Web.csproj", "{4F389CD1-A76F-4B9D-9B04-27106C0CAE14}"
EndProject
Project("{FAE04EC0-301F-11D3-BF4B-00C04F79EFBC}") = "Realtime.Presenter.Infrastructure", "src\Realtime.Presenter.Infrastrucutre\Realtime.Presenter.Infrastructure.csproj", "{72B8957E-405A-48A6-8110-5BBF6035EEC0}"
EndProject
Global
	GlobalSection(SolutionConfigurationPlatforms) = preSolution
		Debug|Any CPU = Debug|Any CPU
		Debug|x64 = Debug|x64
		Debug|x86 = Debug|x86
		Release|Any CPU = Release|Any CPU
		Release|x64 = Release|x64
		Release|x86 = Release|x86
		Debug|iPhoneSimulator = Debug|iPhoneSimulator
		Release|iPhoneSimulator = Release|iPhoneSimulator
		Debug|iPhone = Debug|iPhone
		Release|iPhone = Release|iPhone
	EndGlobalSection
	GlobalSection(SolutionProperties) = preSolution
		HideSolutionNode = FALSE
	EndGlobalSection
	GlobalSection(ProjectConfigurationPlatforms) = postSolution
		{34EA23DD-7FD3-49B2-86E0-06D79ADCB3D3}.Debug|Any CPU.ActiveCfg = Debug|Any CPU
		{34EA23DD-7FD3-49B2-86E0-06D79ADCB3D3}.Debug|Any CPU.Build.0 = Debug|Any CPU
		{34EA23DD-7FD3-49B2-86E0-06D79ADCB3D3}.Debug|x64.ActiveCfg = Debug|Any CPU
		{34EA23DD-7FD3-49B2-86E0-06D79ADCB3D3}.Debug|x64.Build.0 = Debug|Any CPU
		{34EA23DD-7FD3-49B2-86E0-06D79ADCB3D3}.Debug|x86.ActiveCfg = Debug|Any CPU
		{34EA23DD-7FD3-49B2-86E0-06D79ADCB3D3}.Debug|x86.Build.0 = Debug|Any CPU
		{34EA23DD-7FD3-49B2-86E0-06D79ADCB3D3}.Release|Any CPU.ActiveCfg = Release|Any CPU
		{34EA23DD-7FD3-49B2-86E0-06D79ADCB3D3}.Release|Any CPU.Build.0 = Release|Any CPU
		{34EA23DD-7FD3-49B2-86E0-06D79ADCB3D3}.Release|x64.ActiveCfg = Release|Any CPU
		{34EA23DD-7FD3-49B2-86E0-06D79ADCB3D3}.Release|x64.Build.0 = Release|Any CPU
		{34EA23DD-7FD3-49B2-86E0-06D79ADCB3D3}.Release|x86.ActiveCfg = Release|Any CPU
		{34EA23DD-7FD3-49B2-86E0-06D79ADCB3D3}.Release|x86.Build.0 = Release|Any CPU
		{34EA23DD-7FD3-49B2-86E0-06D79ADCB3D3}.Debug|iPhoneSimulator.ActiveCfg = Debug|Any CPU
		{34EA23DD-7FD3-49B2-86E0-06D79ADCB3D3}.Debug|iPhoneSimulator.Build.0 = Debug|Any CPU
		{34EA23DD-7FD3-49B2-86E0-06D79ADCB3D3}.Release|iPhoneSimulator.ActiveCfg = Release|Any CPU
		{34EA23DD-7FD3-49B2-86E0-06D79ADCB3D3}.Release|iPhoneSimulator.Build.0 = Release|Any CPU
		{34EA23DD-7FD3-49B2-86E0-06D79ADCB3D3}.Debug|iPhone.ActiveCfg = Debug|Any CPU
		{34EA23DD-7FD3-49B2-86E0-06D79ADCB3D3}.Debug|iPhone.Build.0 = Debug|Any CPU
		{34EA23DD-7FD3-49B2-86E0-06D79ADCB3D3}.Release|iPhone.ActiveCfg = Release|Any CPU
		{34EA23DD-7FD3-49B2-86E0-06D79ADCB3D3}.Release|iPhone.Build.0 = Release|Any CPU
		{1D342B67-2ED8-4A82-8CA3-DA01598BFA24}.Debug|Any CPU.ActiveCfg = Debug|Any CPU
		{1D342B67-2ED8-4A82-8CA3-DA01598BFA24}.Debug|Any CPU.Build.0 = Debug|Any CPU
		{1D342B67-2ED8-4A82-8CA3-DA01598BFA24}.Debug|x64.ActiveCfg = Debug|Any CPU
		{1D342B67-2ED8-4A82-8CA3-DA01598BFA24}.Debug|x64.Build.0 = Debug|Any CPU
		{1D342B67-2ED8-4A82-8CA3-DA01598BFA24}.Debug|x86.ActiveCfg = Debug|Any CPU
		{1D342B67-2ED8-4A82-8CA3-DA01598BFA24}.Debug|x86.Build.0 = Debug|Any CPU
		{1D342B67-2ED8-4A82-8CA3-DA01598BFA24}.Release|Any CPU.ActiveCfg = Release|Any CPU
		{1D342B67-2ED8-4A82-8CA3-DA01598BFA24}.Release|Any CPU.Build.0 = Release|Any CPU
		{1D342B67-2ED8-4A82-8CA3-DA01598BFA24}.Release|x64.ActiveCfg = Release|Any CPU
		{1D342B67-2ED8-4A82-8CA3-DA01598BFA24}.Release|x64.Build.0 = Release|Any CPU
		{1D342B67-2ED8-4A82-8CA3-DA01598BFA24}.Release|x86.ActiveCfg = Release|Any CPU
		{1D342B67-2ED8-4A82-8CA3-DA01598BFA24}.Release|x86.Build.0 = Release|Any CPU
		{1D342B67-2ED8-4A82-8CA3-DA01598BFA24}.Debug|iPhoneSimulator.ActiveCfg = Debug|Any CPU
		{1D342B67-2ED8-4A82-8CA3-DA01598BFA24}.Debug|iPhoneSimulator.Build.0 = Debug|Any CPU
		{1D342B67-2ED8-4A82-8CA3-DA01598BFA24}.Release|iPhoneSimulator.ActiveCfg = Release|Any CPU
		{1D342B67-2ED8-4A82-8CA3-DA01598BFA24}.Release|iPhoneSimulator.Build.0 = Release|Any CPU
		{1D342B67-2ED8-4A82-8CA3-DA01598BFA24}.Debug|iPhone.ActiveCfg = Debug|Any CPU
		{1D342B67-2ED8-4A82-8CA3-DA01598BFA24}.Debug|iPhone.Build.0 = Debug|Any CPU
		{1D342B67-2ED8-4A82-8CA3-DA01598BFA24}.Release|iPhone.ActiveCfg = Release|Any CPU
		{1D342B67-2ED8-4A82-8CA3-DA01598BFA24}.Release|iPhone.Build.0 = Release|Any CPU
		{0A3F1A36-C1E5-43D9-929B-0FFFDF814EF3}.Debug|Any CPU.ActiveCfg = Debug|Any CPU
		{0A3F1A36-C1E5-43D9-929B-0FFFDF814EF3}.Debug|Any CPU.Build.0 = Debug|Any CPU
		{0A3F1A36-C1E5-43D9-929B-0FFFDF814EF3}.Debug|x64.ActiveCfg = Debug|Any CPU
		{0A3F1A36-C1E5-43D9-929B-0FFFDF814EF3}.Debug|x64.Build.0 = Debug|Any CPU
		{0A3F1A36-C1E5-43D9-929B-0FFFDF814EF3}.Debug|x86.ActiveCfg = Debug|Any CPU
		{0A3F1A36-C1E5-43D9-929B-0FFFDF814EF3}.Debug|x86.Build.0 = Debug|Any CPU
		{0A3F1A36-C1E5-43D9-929B-0FFFDF814EF3}.Release|Any CPU.ActiveCfg = Release|Any CPU
		{0A3F1A36-C1E5-43D9-929B-0FFFDF814EF3}.Release|Any CPU.Build.0 = Release|Any CPU
		{0A3F1A36-C1E5-43D9-929B-0FFFDF814EF3}.Release|x64.ActiveCfg = Release|Any CPU
		{0A3F1A36-C1E5-43D9-929B-0FFFDF814EF3}.Release|x64.Build.0 = Release|Any CPU
		{0A3F1A36-C1E5-43D9-929B-0FFFDF814EF3}.Release|x86.ActiveCfg = Release|Any CPU
		{0A3F1A36-C1E5-43D9-929B-0FFFDF814EF3}.Release|x86.Build.0 = Release|Any CPU
		{0A3F1A36-C1E5-43D9-929B-0FFFDF814EF3}.Debug|iPhoneSimulator.ActiveCfg = Debug|Any CPU
		{0A3F1A36-C1E5-43D9-929B-0FFFDF814EF3}.Debug|iPhoneSimulator.Build.0 = Debug|Any CPU
		{0A3F1A36-C1E5-43D9-929B-0FFFDF814EF3}.Release|iPhoneSimulator.ActiveCfg = Release|Any CPU
		{0A3F1A36-C1E5-43D9-929B-0FFFDF814EF3}.Release|iPhoneSimulator.Build.0 = Release|Any CPU
		{0A3F1A36-C1E5-43D9-929B-0FFFDF814EF3}.Debug|iPhone.ActiveCfg = Debug|Any CPU
		{0A3F1A36-C1E5-43D9-929B-0FFFDF814EF3}.Debug|iPhone.Build.0 = Debug|Any CPU
		{0A3F1A36-C1E5-43D9-929B-0FFFDF814EF3}.Release|iPhone.ActiveCfg = Release|Any CPU
		{0A3F1A36-C1E5-43D9-929B-0FFFDF814EF3}.Release|iPhone.Build.0 = Release|Any CPU
		{891CCED2-A73F-4B8E-907F-3DA7E1155446}.Debug|Any CPU.ActiveCfg = Debug|Any CPU
		{891CCED2-A73F-4B8E-907F-3DA7E1155446}.Debug|Any CPU.Build.0 = Debug|Any CPU
		{891CCED2-A73F-4B8E-907F-3DA7E1155446}.Debug|x64.ActiveCfg = Debug|Any CPU
		{891CCED2-A73F-4B8E-907F-3DA7E1155446}.Debug|x64.Build.0 = Debug|Any CPU
		{891CCED2-A73F-4B8E-907F-3DA7E1155446}.Debug|x86.ActiveCfg = Debug|Any CPU
		{891CCED2-A73F-4B8E-907F-3DA7E1155446}.Debug|x86.Build.0 = Debug|Any CPU
		{891CCED2-A73F-4B8E-907F-3DA7E1155446}.Release|Any CPU.ActiveCfg = Release|Any CPU
		{891CCED2-A73F-4B8E-907F-3DA7E1155446}.Release|Any CPU.Build.0 = Release|Any CPU
		{891CCED2-A73F-4B8E-907F-3DA7E1155446}.Release|x64.ActiveCfg = Release|Any CPU
		{891CCED2-A73F-4B8E-907F-3DA7E1155446}.Release|x64.Build.0 = Release|Any CPU
		{891CCED2-A73F-4B8E-907F-3DA7E1155446}.Release|x86.ActiveCfg = Release|Any CPU
		{891CCED2-A73F-4B8E-907F-3DA7E1155446}.Release|x86.Build.0 = Release|Any CPU
		{891CCED2-A73F-4B8E-907F-3DA7E1155446}.Debug|iPhoneSimulator.ActiveCfg = Debug|Any CPU
		{891CCED2-A73F-4B8E-907F-3DA7E1155446}.Debug|iPhoneSimulator.Build.0 = Debug|Any CPU
		{891CCED2-A73F-4B8E-907F-3DA7E1155446}.Release|iPhoneSimulator.ActiveCfg = Release|Any CPU
		{891CCED2-A73F-4B8E-907F-3DA7E1155446}.Release|iPhoneSimulator.Build.0 = Release|Any CPU
		{891CCED2-A73F-4B8E-907F-3DA7E1155446}.Debug|iPhone.ActiveCfg = Debug|Any CPU
		{891CCED2-A73F-4B8E-907F-3DA7E1155446}.Debug|iPhone.Build.0 = Debug|Any CPU
		{891CCED2-A73F-4B8E-907F-3DA7E1155446}.Release|iPhone.ActiveCfg = Release|Any CPU
		{891CCED2-A73F-4B8E-907F-3DA7E1155446}.Release|iPhone.Build.0 = Release|Any CPU
		{12F1B3DD-9B37-4D56-8E38-82532E5BEAD0}.Debug|Any CPU.ActiveCfg = Debug|Any CPU
		{12F1B3DD-9B37-4D56-8E38-82532E5BEAD0}.Debug|Any CPU.Build.0 = Debug|Any CPU
		{12F1B3DD-9B37-4D56-8E38-82532E5BEAD0}.Debug|x64.ActiveCfg = Debug|Any CPU
		{12F1B3DD-9B37-4D56-8E38-82532E5BEAD0}.Debug|x64.Build.0 = Debug|Any CPU
		{12F1B3DD-9B37-4D56-8E38-82532E5BEAD0}.Debug|x86.ActiveCfg = Debug|Any CPU
		{12F1B3DD-9B37-4D56-8E38-82532E5BEAD0}.Debug|x86.Build.0 = Debug|Any CPU
		{12F1B3DD-9B37-4D56-8E38-82532E5BEAD0}.Release|Any CPU.ActiveCfg = Release|Any CPU
		{12F1B3DD-9B37-4D56-8E38-82532E5BEAD0}.Release|Any CPU.Build.0 = Release|Any CPU
		{12F1B3DD-9B37-4D56-8E38-82532E5BEAD0}.Release|x64.ActiveCfg = Release|Any CPU
		{12F1B3DD-9B37-4D56-8E38-82532E5BEAD0}.Release|x64.Build.0 = Release|Any CPU
		{12F1B3DD-9B37-4D56-8E38-82532E5BEAD0}.Release|x86.ActiveCfg = Release|Any CPU
		{12F1B3DD-9B37-4D56-8E38-82532E5BEAD0}.Release|x86.Build.0 = Release|Any CPU
		{12F1B3DD-9B37-4D56-8E38-82532E5BEAD0}.Debug|iPhoneSimulator.ActiveCfg = Debug|Any CPU
		{12F1B3DD-9B37-4D56-8E38-82532E5BEAD0}.Debug|iPhoneSimulator.Build.0 = Debug|Any CPU
		{12F1B3DD-9B37-4D56-8E38-82532E5BEAD0}.Release|iPhoneSimulator.ActiveCfg = Release|Any CPU
		{12F1B3DD-9B37-4D56-8E38-82532E5BEAD0}.Release|iPhoneSimulator.Build.0 = Release|Any CPU
		{12F1B3DD-9B37-4D56-8E38-82532E5BEAD0}.Debug|iPhone.ActiveCfg = Debug|Any CPU
		{12F1B3DD-9B37-4D56-8E38-82532E5BEAD0}.Debug|iPhone.Build.0 = Debug|Any CPU
		{12F1B3DD-9B37-4D56-8E38-82532E5BEAD0}.Release|iPhone.ActiveCfg = Release|Any CPU
		{12F1B3DD-9B37-4D56-8E38-82532E5BEAD0}.Release|iPhone.Build.0 = Release|Any CPU
		{19CFA454-BFAB-4C0F-8750-EA2CC0395507}.Debug|Any CPU.ActiveCfg = Debug|iPhoneSimulator
		{19CFA454-BFAB-4C0F-8750-EA2CC0395507}.Debug|Any CPU.Build.0 = Debug|iPhoneSimulator
		{19CFA454-BFAB-4C0F-8750-EA2CC0395507}.Debug|x64.ActiveCfg = Debug|iPhoneSimulator
		{19CFA454-BFAB-4C0F-8750-EA2CC0395507}.Debug|x64.Build.0 = Debug|iPhoneSimulator
		{19CFA454-BFAB-4C0F-8750-EA2CC0395507}.Debug|x86.ActiveCfg = Debug|iPhoneSimulator
		{19CFA454-BFAB-4C0F-8750-EA2CC0395507}.Debug|x86.Build.0 = Debug|iPhoneSimulator
		{19CFA454-BFAB-4C0F-8750-EA2CC0395507}.Release|Any CPU.ActiveCfg = Release|iPhoneSimulator
		{19CFA454-BFAB-4C0F-8750-EA2CC0395507}.Release|Any CPU.Build.0 = Release|iPhoneSimulator
		{19CFA454-BFAB-4C0F-8750-EA2CC0395507}.Release|x64.ActiveCfg = Release|iPhoneSimulator
		{19CFA454-BFAB-4C0F-8750-EA2CC0395507}.Release|x64.Build.0 = Release|iPhoneSimulator
		{19CFA454-BFAB-4C0F-8750-EA2CC0395507}.Release|x86.ActiveCfg = Release|iPhoneSimulator
		{19CFA454-BFAB-4C0F-8750-EA2CC0395507}.Release|x86.Build.0 = Release|iPhoneSimulator
		{19CFA454-BFAB-4C0F-8750-EA2CC0395507}.Debug|iPhoneSimulator.ActiveCfg = Debug|iPhoneSimulator
		{19CFA454-BFAB-4C0F-8750-EA2CC0395507}.Debug|iPhoneSimulator.Build.0 = Debug|iPhoneSimulator
		{19CFA454-BFAB-4C0F-8750-EA2CC0395507}.Release|iPhoneSimulator.ActiveCfg = Release|iPhoneSimulator
		{19CFA454-BFAB-4C0F-8750-EA2CC0395507}.Release|iPhoneSimulator.Build.0 = Release|iPhoneSimulator
		{19CFA454-BFAB-4C0F-8750-EA2CC0395507}.Debug|iPhone.ActiveCfg = Debug|iPhone
		{19CFA454-BFAB-4C0F-8750-EA2CC0395507}.Debug|iPhone.Build.0 = Debug|iPhone
		{19CFA454-BFAB-4C0F-8750-EA2CC0395507}.Release|iPhone.ActiveCfg = Release|iPhone
		{19CFA454-BFAB-4C0F-8750-EA2CC0395507}.Release|iPhone.Build.0 = Release|iPhone
		{16668423-3D9F-4758-8C82-C370AF211FCB}.Debug|Any CPU.ActiveCfg = Debug|Any CPU
		{16668423-3D9F-4758-8C82-C370AF211FCB}.Debug|Any CPU.Build.0 = Debug|Any CPU
		{16668423-3D9F-4758-8C82-C370AF211FCB}.Debug|x64.ActiveCfg = Debug|Any CPU
		{16668423-3D9F-4758-8C82-C370AF211FCB}.Debug|x64.Build.0 = Debug|Any CPU
		{16668423-3D9F-4758-8C82-C370AF211FCB}.Debug|x86.ActiveCfg = Debug|Any CPU
		{16668423-3D9F-4758-8C82-C370AF211FCB}.Debug|x86.Build.0 = Debug|Any CPU
		{16668423-3D9F-4758-8C82-C370AF211FCB}.Release|Any CPU.ActiveCfg = Release|Any CPU
		{16668423-3D9F-4758-8C82-C370AF211FCB}.Release|Any CPU.Build.0 = Release|Any CPU
		{16668423-3D9F-4758-8C82-C370AF211FCB}.Release|x64.ActiveCfg = Release|Any CPU
		{16668423-3D9F-4758-8C82-C370AF211FCB}.Release|x64.Build.0 = Release|Any CPU
		{16668423-3D9F-4758-8C82-C370AF211FCB}.Release|x86.ActiveCfg = Release|Any CPU
		{16668423-3D9F-4758-8C82-C370AF211FCB}.Release|x86.Build.0 = Release|Any CPU
		{16668423-3D9F-4758-8C82-C370AF211FCB}.Debug|iPhoneSimulator.ActiveCfg = Debug|Any CPU
		{16668423-3D9F-4758-8C82-C370AF211FCB}.Debug|iPhoneSimulator.Build.0 = Debug|Any CPU
		{16668423-3D9F-4758-8C82-C370AF211FCB}.Release|iPhoneSimulator.ActiveCfg = Release|Any CPU
		{16668423-3D9F-4758-8C82-C370AF211FCB}.Release|iPhoneSimulator.Build.0 = Release|Any CPU
		{16668423-3D9F-4758-8C82-C370AF211FCB}.Debug|iPhone.ActiveCfg = Debug|Any CPU
		{16668423-3D9F-4758-8C82-C370AF211FCB}.Debug|iPhone.Build.0 = Debug|Any CPU
		{16668423-3D9F-4758-8C82-C370AF211FCB}.Release|iPhone.ActiveCfg = Release|Any CPU
		{16668423-3D9F-4758-8C82-C370AF211FCB}.Release|iPhone.Build.0 = Release|Any CPU
		{4C1793E6-1961-4EB3-B5EB-D846D6B7869C}.Debug|Any CPU.ActiveCfg = Debug|Any CPU
		{4C1793E6-1961-4EB3-B5EB-D846D6B7869C}.Debug|Any CPU.Build.0 = Debug|Any CPU
		{4C1793E6-1961-4EB3-B5EB-D846D6B7869C}.Debug|x64.ActiveCfg = Debug|Any CPU
		{4C1793E6-1961-4EB3-B5EB-D846D6B7869C}.Debug|x64.Build.0 = Debug|Any CPU
		{4C1793E6-1961-4EB3-B5EB-D846D6B7869C}.Debug|x86.ActiveCfg = Debug|Any CPU
		{4C1793E6-1961-4EB3-B5EB-D846D6B7869C}.Debug|x86.Build.0 = Debug|Any CPU
		{4C1793E6-1961-4EB3-B5EB-D846D6B7869C}.Release|Any CPU.ActiveCfg = Release|Any CPU
		{4C1793E6-1961-4EB3-B5EB-D846D6B7869C}.Release|Any CPU.Build.0 = Release|Any CPU
		{4C1793E6-1961-4EB3-B5EB-D846D6B7869C}.Release|x64.ActiveCfg = Release|Any CPU
		{4C1793E6-1961-4EB3-B5EB-D846D6B7869C}.Release|x64.Build.0 = Release|Any CPU
		{4C1793E6-1961-4EB3-B5EB-D846D6B7869C}.Release|x86.ActiveCfg = Release|Any CPU
		{4C1793E6-1961-4EB3-B5EB-D846D6B7869C}.Release|x86.Build.0 = Release|Any CPU
		{4C1793E6-1961-4EB3-B5EB-D846D6B7869C}.Debug|iPhoneSimulator.ActiveCfg = Debug|Any CPU
		{4C1793E6-1961-4EB3-B5EB-D846D6B7869C}.Debug|iPhoneSimulator.Build.0 = Debug|Any CPU
		{4C1793E6-1961-4EB3-B5EB-D846D6B7869C}.Release|iPhoneSimulator.ActiveCfg = Release|Any CPU
		{4C1793E6-1961-4EB3-B5EB-D846D6B7869C}.Release|iPhoneSimulator.Build.0 = Release|Any CPU
		{4C1793E6-1961-4EB3-B5EB-D846D6B7869C}.Debug|iPhone.ActiveCfg = Debug|Any CPU
		{4C1793E6-1961-4EB3-B5EB-D846D6B7869C}.Debug|iPhone.Build.0 = Debug|Any CPU
		{4C1793E6-1961-4EB3-B5EB-D846D6B7869C}.Release|iPhone.ActiveCfg = Release|Any CPU
		{4C1793E6-1961-4EB3-B5EB-D846D6B7869C}.Release|iPhone.Build.0 = Release|Any CPU
		{4F389CD1-A76F-4B9D-9B04-27106C0CAE14}.Debug|Any CPU.ActiveCfg = Debug|Any CPU
		{4F389CD1-A76F-4B9D-9B04-27106C0CAE14}.Debug|Any CPU.Build.0 = Debug|Any CPU
		{4F389CD1-A76F-4B9D-9B04-27106C0CAE14}.Debug|x64.ActiveCfg = Debug|Any CPU
		{4F389CD1-A76F-4B9D-9B04-27106C0CAE14}.Debug|x64.Build.0 = Debug|Any CPU
		{4F389CD1-A76F-4B9D-9B04-27106C0CAE14}.Debug|x86.ActiveCfg = Debug|Any CPU
		{4F389CD1-A76F-4B9D-9B04-27106C0CAE14}.Debug|x86.Build.0 = Debug|Any CPU
		{4F389CD1-A76F-4B9D-9B04-27106C0CAE14}.Release|Any CPU.ActiveCfg = Release|Any CPU
		{4F389CD1-A76F-4B9D-9B04-27106C0CAE14}.Release|Any CPU.Build.0 = Release|Any CPU
		{4F389CD1-A76F-4B9D-9B04-27106C0CAE14}.Release|x64.ActiveCfg = Release|Any CPU
		{4F389CD1-A76F-4B9D-9B04-27106C0CAE14}.Release|x64.Build.0 = Release|Any CPU
		{4F389CD1-A76F-4B9D-9B04-27106C0CAE14}.Release|x86.ActiveCfg = Release|Any CPU
		{4F389CD1-A76F-4B9D-9B04-27106C0CAE14}.Release|x86.Build.0 = Release|Any CPU
		{4F389CD1-A76F-4B9D-9B04-27106C0CAE14}.Debug|iPhoneSimulator.ActiveCfg = Debug|Any CPU
		{4F389CD1-A76F-4B9D-9B04-27106C0CAE14}.Debug|iPhoneSimulator.Build.0 = Debug|Any CPU
		{4F389CD1-A76F-4B9D-9B04-27106C0CAE14}.Release|iPhoneSimulator.ActiveCfg = Release|Any CPU
		{4F389CD1-A76F-4B9D-9B04-27106C0CAE14}.Release|iPhoneSimulator.Build.0 = Release|Any CPU
		{4F389CD1-A76F-4B9D-9B04-27106C0CAE14}.Debug|iPhone.ActiveCfg = Debug|Any CPU
		{4F389CD1-A76F-4B9D-9B04-27106C0CAE14}.Debug|iPhone.Build.0 = Debug|Any CPU
		{4F389CD1-A76F-4B9D-9B04-27106C0CAE14}.Release|iPhone.ActiveCfg = Release|Any CPU
		{4F389CD1-A76F-4B9D-9B04-27106C0CAE14}.Release|iPhone.Build.0 = Release|Any CPU
		{72B8957E-405A-48A6-8110-5BBF6035EEC0}.Debug|Any CPU.ActiveCfg = Debug|Any CPU
		{72B8957E-405A-48A6-8110-5BBF6035EEC0}.Debug|Any CPU.Build.0 = Debug|Any CPU
		{72B8957E-405A-48A6-8110-5BBF6035EEC0}.Debug|x64.ActiveCfg = Debug|Any CPU
		{72B8957E-405A-48A6-8110-5BBF6035EEC0}.Debug|x64.Build.0 = Debug|Any CPU
		{72B8957E-405A-48A6-8110-5BBF6035EEC0}.Debug|x86.ActiveCfg = Debug|Any CPU
		{72B8957E-405A-48A6-8110-5BBF6035EEC0}.Debug|x86.Build.0 = Debug|Any CPU
		{72B8957E-405A-48A6-8110-5BBF6035EEC0}.Release|Any CPU.ActiveCfg = Release|Any CPU
		{72B8957E-405A-48A6-8110-5BBF6035EEC0}.Release|Any CPU.Build.0 = Release|Any CPU
		{72B8957E-405A-48A6-8110-5BBF6035EEC0}.Release|x64.ActiveCfg = Release|Any CPU
		{72B8957E-405A-48A6-8110-5BBF6035EEC0}.Release|x64.Build.0 = Release|Any CPU
		{72B8957E-405A-48A6-8110-5BBF6035EEC0}.Release|x86.ActiveCfg = Release|Any CPU
		{72B8957E-405A-48A6-8110-5BBF6035EEC0}.Release|x86.Build.0 = Release|Any CPU
		{72B8957E-405A-48A6-8110-5BBF6035EEC0}.Debug|iPhoneSimulator.ActiveCfg = Debug|Any CPU
		{72B8957E-405A-48A6-8110-5BBF6035EEC0}.Debug|iPhoneSimulator.Build.0 = Debug|Any CPU
		{72B8957E-405A-48A6-8110-5BBF6035EEC0}.Release|iPhoneSimulator.ActiveCfg = Release|Any CPU
		{72B8957E-405A-48A6-8110-5BBF6035EEC0}.Release|iPhoneSimulator.Build.0 = Release|Any CPU
		{72B8957E-405A-48A6-8110-5BBF6035EEC0}.Debug|iPhone.ActiveCfg = Debug|Any CPU
		{72B8957E-405A-48A6-8110-5BBF6035EEC0}.Debug|iPhone.Build.0 = Debug|Any CPU
		{72B8957E-405A-48A6-8110-5BBF6035EEC0}.Release|iPhone.ActiveCfg = Release|Any CPU
		{72B8957E-405A-48A6-8110-5BBF6035EEC0}.Release|iPhone.Build.0 = Release|Any CPU
	EndGlobalSection
	GlobalSection(NestedProjects) = preSolution
		{34EA23DD-7FD3-49B2-86E0-06D79ADCB3D3} = {1225CFF0-6662-4AC7-AC68-267C1D6D00C4}
		{1D342B67-2ED8-4A82-8CA3-DA01598BFA24} = {8374D852-0BF2-4BB3-8546-ED444D8752B6}
		{0A3F1A36-C1E5-43D9-929B-0FFFDF814EF3} = {8374D852-0BF2-4BB3-8546-ED444D8752B6}
		{891CCED2-A73F-4B8E-907F-3DA7E1155446} = {8374D852-0BF2-4BB3-8546-ED444D8752B6}
		{12F1B3DD-9B37-4D56-8E38-82532E5BEAD0} = {1225CFF0-6662-4AC7-AC68-267C1D6D00C4}
		{19CFA454-BFAB-4C0F-8750-EA2CC0395507} = {1225CFF0-6662-4AC7-AC68-267C1D6D00C4}
		{16668423-3D9F-4758-8C82-C370AF211FCB} = {1225CFF0-6662-4AC7-AC68-267C1D6D00C4}
		{4C1793E6-1961-4EB3-B5EB-D846D6B7869C} = {8374D852-0BF2-4BB3-8546-ED444D8752B6}
		{D5874316-EEFC-4DE8-8BB7-2FD997D8BA08} = {A836393D-5F4F-43EA-B178-16FCE749F926}
		{4F389CD1-A76F-4B9D-9B04-27106C0CAE14} = {1225CFF0-6662-4AC7-AC68-267C1D6D00C4}
		{72B8957E-405A-48A6-8110-5BBF6035EEC0} = {1225CFF0-6662-4AC7-AC68-267C1D6D00C4}
	EndGlobalSection
EndGlobal
