
Microsoft Visual Studio Solution File, Format Version 12.00
# Visual Studio 15
VisualStudioVersion = 15.0.26124.0
MinimumVisualStudioVersion = 15.0.26124.0
Project("{2150E333-8FDC-42A3-9474-1A3956D46DE8}") = "src", "src", "{1225CFF0-6662-4AC7-AC68-267C1D6D00C4}"
EndProject
Project("{FAE04EC0-301F-11D3-BF4B-00C04F79EFBC}") = "Realtime.Presenter.Function", "src\Realtime.Presenter.Function\Realtime.Presenter.Function.csproj", "{34EA23DD-7FD3-49B2-86E0-06D79ADCB3D3}"
EndProject
Project("{2150E333-8FDC-42A3-9474-1A3956D46DE8}") = "tests", "tests", "{8374D852-0BF2-4BB3-8546-ED444D8752B6}"
EndProject
Project("{FAE04EC0-301F-11D3-BF4B-00C04F79EFBC}") = "Realtime.Presenter.Function.Tests", "tests\Realtime.Presenter.Function.Tests\Realtime.Presenter.Function.Tests.csproj", "{1D342B67-2ED8-4A82-8CA3-DA01598BFA24}"
EndProject
Project("{2150E333-8FDC-42A3-9474-1A3956D46DE8}") = ".git", ".git", "{A1E853A7-7355-445D-92F0-758DC30F17E9}"
ProjectSection(SolutionItems) = preProject
	.gitignore = .gitignore
EndProjectSection
EndProject
Global
	GlobalSection(SolutionConfigurationPlatforms) = preSolution
		Debug|Any CPU = Debug|Any CPU
		Debug|x64 = Debug|x64
		Debug|x86 = Debug|x86
		Release|Any CPU = Release|Any CPU
		Release|x64 = Release|x64
		Release|x86 = Release|x86
	EndGlobalSection
	GlobalSection(SolutionProperties) = preSolution
		HideSolutionNode = FALSE
	EndGlobalSection
	GlobalSection(ProjectConfigurationPlatforms) = postSolution
		{34EA23DD-7FD3-49B2-86E0-06D79ADCB3D3}.Debug|Any CPU.ActiveCfg = Debug|Any CPU
		{34EA23DD-7FD3-49B2-86E0-06D79ADCB3D3}.Debug|Any CPU.Build.0 = Debug|Any CPU
		{34EA23DD-7FD3-49B2-86E0-06D79ADCB3D3}.Debug|x64.ActiveCfg = Debug|Any CPU
		{34EA23DD-7FD3-49B2-86E0-06D79ADCB3D3}.Debug|x64.Build.0 = Debug|Any CPU
		{34EA23DD-7FD3-49B2-86E0-06D79ADCB3D3}.Debug|x86.ActiveCfg = Debug|Any CPU
		{34EA23DD-7FD3-49B2-86E0-06D79ADCB3D3}.Debug|x86.Build.0 = Debug|Any CPU
		{34EA23DD-7FD3-49B2-86E0-06D79ADCB3D3}.Release|Any CPU.ActiveCfg = Release|Any CPU
		{34EA23DD-7FD3-49B2-86E0-06D79ADCB3D3}.Release|Any CPU.Build.0 = Release|Any CPU
		{34EA23DD-7FD3-49B2-86E0-06D79ADCB3D3}.Release|x64.ActiveCfg = Release|Any CPU
		{34EA23DD-7FD3-49B2-86E0-06D79ADCB3D3}.Release|x64.Build.0 = Release|Any CPU
		{34EA23DD-7FD3-49B2-86E0-06D79ADCB3D3}.Release|x86.ActiveCfg = Release|Any CPU
		{34EA23DD-7FD3-49B2-86E0-06D79ADCB3D3}.Release|x86.Build.0 = Release|Any CPU
		{1D342B67-2ED8-4A82-8CA3-DA01598BFA24}.Debug|Any CPU.ActiveCfg = Debug|Any CPU
		{1D342B67-2ED8-4A82-8CA3-DA01598BFA24}.Debug|Any CPU.Build.0 = Debug|Any CPU
		{1D342B67-2ED8-4A82-8CA3-DA01598BFA24}.Debug|x64.ActiveCfg = Debug|Any CPU
		{1D342B67-2ED8-4A82-8CA3-DA01598BFA24}.Debug|x64.Build.0 = Debug|Any CPU
		{1D342B67-2ED8-4A82-8CA3-DA01598BFA24}.Debug|x86.ActiveCfg = Debug|Any CPU
		{1D342B67-2ED8-4A82-8CA3-DA01598BFA24}.Debug|x86.Build.0 = Debug|Any CPU
		{1D342B67-2ED8-4A82-8CA3-DA01598BFA24}.Release|Any CPU.ActiveCfg = Release|Any CPU
		{1D342B67-2ED8-4A82-8CA3-DA01598BFA24}.Release|Any CPU.Build.0 = Release|Any CPU
		{1D342B67-2ED8-4A82-8CA3-DA01598BFA24}.Release|x64.ActiveCfg = Release|Any CPU
		{1D342B67-2ED8-4A82-8CA3-DA01598BFA24}.Release|x64.Build.0 = Release|Any CPU
		{1D342B67-2ED8-4A82-8CA3-DA01598BFA24}.Release|x86.ActiveCfg = Release|Any CPU
		{1D342B67-2ED8-4A82-8CA3-DA01598BFA24}.Release|x86.Build.0 = Release|Any CPU
	EndGlobalSection
	GlobalSection(NestedProjects) = preSolution
		{34EA23DD-7FD3-49B2-86E0-06D79ADCB3D3} = {1225CFF0-6662-4AC7-AC68-267C1D6D00C4}
		{1D342B67-2ED8-4A82-8CA3-DA01598BFA24} = {8374D852-0BF2-4BB3-8546-ED444D8752B6}
	EndGlobalSection
EndGlobal
